
Microsoft Visual Studio Solution File, Format Version 12.00
Project("{FAE04EC0-301F-11D3-BF4B-00C04F79EFBC}") = "Catalog.API", "Services\Catalog\Catalog.API\Catalog.API.csproj", "{721F5B0B-65DA-402D-B83B-10866C6EF787}"
EndProject
Project("{2150E333-8FDC-42A3-9474-1A3956D46DE8}") = "Solution Items", "Solution Items", "{9B836EC4-E855-4B5E-B34C-BEC9A4141857}"
	ProjectSection(SolutionItems) = preProject
		docker-compose.yaml = docker-compose.yaml
	EndProjectSection
EndProject
Project("{FAE04EC0-301F-11D3-BF4B-00C04F79EFBC}") = "BuildingBlocks", "BuildingBlocks\BuildingBlocks\BuildingBlocks.csproj", "{D8662056-ABB1-4CE3-AA9B-BA2279A3C92A}"
EndProject
Global
	GlobalSection(SolutionConfigurationPlatforms) = preSolution
		Debug|Any CPU = Debug|Any CPU
		Release|Any CPU = Release|Any CPU
	EndGlobalSection
	GlobalSection(ProjectConfigurationPlatforms) = postSolution
		{721F5B0B-65DA-402D-B83B-10866C6EF787}.Debug|Any CPU.ActiveCfg = Debug|Any CPU
		{721F5B0B-65DA-402D-B83B-10866C6EF787}.Debug|Any CPU.Build.0 = Debug|Any CPU
		{721F5B0B-65DA-402D-B83B-10866C6EF787}.Release|Any CPU.ActiveCfg = Release|Any CPU
		{721F5B0B-65DA-402D-B83B-10866C6EF787}.Release|Any CPU.Build.0 = Release|Any CPU
		{D8662056-ABB1-4CE3-AA9B-BA2279A3C92A}.Debug|Any CPU.ActiveCfg = Debug|Any CPU
		{D8662056-ABB1-4CE3-AA9B-BA2279A3C92A}.Debug|Any CPU.Build.0 = Debug|Any CPU
		{D8662056-ABB1-4CE3-AA9B-BA2279A3C92A}.Release|Any CPU.ActiveCfg = Release|Any CPU
		{D8662056-ABB1-4CE3-AA9B-BA2279A3C92A}.Release|Any CPU.Build.0 = Release|Any CPU
	EndGlobalSection
EndGlobal
